// !$*UTF8*$!
{
	archiveVersion = 1;
	classes = {
	};
	objectVersion = 46;
	objects = {

/* Begin PBXBuildFile section */
		F81B52AC1DFA97810042D744 /* AppDelegate.swift in Sources */ = {isa = PBXBuildFile; fileRef = F81B52AB1DFA97810042D744 /* AppDelegate.swift */; };
		F81B52AE1DFA97810042D744 /* ViewController.swift in Sources */ = {isa = PBXBuildFile; fileRef = F81B52AD1DFA97810042D744 /* ViewController.swift */; };
		F81B52B11DFA97810042D744 /* Main.storyboard in Resources */ = {isa = PBXBuildFile; fileRef = F81B52AF1DFA97810042D744 /* Main.storyboard */; };
		F81B52B31DFA97810042D744 /* Assets.xcassets in Resources */ = {isa = PBXBuildFile; fileRef = F81B52B21DFA97810042D744 /* Assets.xcassets */; };
		F81B52B61DFA97810042D744 /* LaunchScreen.storyboard in Resources */ = {isa = PBXBuildFile; fileRef = F81B52B41DFA97810042D744 /* LaunchScreen.storyboard */; };
/* End PBXBuildFile section */

/* Begin PBXFileReference section */
		F81B52A81DFA97810042D744 /* AFSample.app */ = {isa = PBXFileReference; explicitFileType = wrapper.application; includeInIndex = 0; path = AFSample.app; sourceTree = BUILT_PRODUCTS_DIR; };
		F81B52AB1DFA97810042D744 /* AppDelegate.swift */ = {isa = PBXFileReference; lastKnownFileType = sourcecode.swift; path = AppDelegate.swift; sourceTree = "<group>"; };
		F81B52AD1DFA97810042D744 /* ViewController.swift */ = {isa = PBXFileReference; lastKnownFileType = sourcecode.swift; path = ViewController.swift; sourceTree = "<group>"; };
		F81B52B01DFA97810042D744 /* Base */ = {isa = PBXFileReference; lastKnownFileType = file.storyboard; name = Base; path = Base.lproj/Main.storyboard; sourceTree = "<group>"; };
		F81B52B21DFA97810042D744 /* Assets.xcassets */ = {isa = PBXFileReference; lastKnownFileType = folder.assetcatalog; path = Assets.xcassets; sourceTree = "<group>"; };
		F81B52B51DFA97810042D744 /* Base */ = {isa = PBXFileReference; lastKnownFileType = file.storyboard; name = Base; path = Base.lproj/LaunchScreen.storyboard; sourceTree = "<group>"; };
		F81B52B71DFA97810042D744 /* Info.plist */ = {isa = PBXFileReference; lastKnownFileType = text.plist.xml; path = Info.plist; sourceTree = "<group>"; };
/* End PBXFileReference section */

/* Begin PBXFrameworksBuildPhase section */
		F81B52A51DFA97810042D744 /* Frameworks */ = {
			isa = PBXFrameworksBuildPhase;
			buildActionMask = 2147483647;
			files = (
			);
			runOnlyForDeploymentPostprocessing = 0;
		};
/* End PBXFrameworksBuildPhase section */

/* Begin PBXGroup section */
		F81B529F1DFA97810042D744 = {
			isa = PBXGroup;
			children = (
				F81B52AA1DFA97810042D744 /* AFSample */,
				F81B52A91DFA97810042D744 /* Products */,
			);
			sourceTree = "<group>";
		};
		F81B52A91DFA97810042D744 /* Products */ = {
			isa = PBXGroup;
			children = (
				F81B52A81DFA97810042D744 /* AFSample.app */,
			);
			name = Products;
			sourceTree = "<group>";
		};
		F81B52AA1DFA97810042D744 /* AFSample */ = {
			isa = PBXGroup;
			children = (
				F81B52AB1DFA97810042D744 /* AppDelegate.swift */,
				F81B52AD1DFA97810042D744 /* ViewController.swift */,
				F81B52AF1DFA97810042D744 /* Main.storyboard */,
				F81B52B21DFA97810042D744 /* Assets.xcassets */,
				F81B52B41DFA97810042D744 /* LaunchScreen.storyboard */,
				F81B52B71DFA97810042D744 /* Info.plist */,
			);
			path = AFSample;
			sourceTree = "<group>";
		};
/* End PBXGroup section */

/* Begin PBXNativeTarget section */
		F81B52A71DFA97810042D744 /* AFSample */ = {
			isa = PBXNativeTarget;
			buildConfigurationList = F81B52BA1DFA97810042D744 /* Build configuration list for PBXNativeTarget "AFSample" */;
			buildPhases = (
				F81B52A41DFA97810042D744 /* Sources */,
				F81B52A51DFA97810042D744 /* Frameworks */,
				F81B52A61DFA97810042D744 /* Resources */,
			);
			buildRules = (
			);
			dependencies = (
			);
			name = AFSample;
			productName = AFSample;
			productReference = F81B52A81DFA97810042D744 /* AFSample.app */;
			productType = "com.apple.product-type.application";
		};
/* End PBXNativeTarget section */

/* Begin PBXProject section */
		F81B52A01DFA97810042D744 /* Project object */ = {
			isa = PBXProject;
			attributes = {
				LastSwiftUpdateCheck = 0810;
				LastUpgradeCheck = 0810;
				ORGANIZATIONNAME = Amreth;
				TargetAttributes = {
					F81B52A71DFA97810042D744 = {
						CreatedOnToolsVersion = 8.1;
						ProvisioningStyle = Automatic;
					};
				};
			};
			buildConfigurationList = F81B52A31DFA97810042D744 /* Build configuration list for PBXProject "AFSample" */;
			compatibilityVersion = "Xcode 3.2";
			developmentRegion = English;
			hasScannedForEncodings = 0;
			knownRegions = (
				en,
				Base,
			);
			mainGroup = F81B529F1DFA97810042D744;
			productRefGroup = F81B52A91DFA97810042D744 /* Products */;
			projectDirPath = "";
			projectRoot = "";
			targets = (
				F81B52A71DFA97810042D744 /* AFSample */,
			);
		};
/* End PBXProject section */

/* Begin PBXResourcesBuildPhase section */
		F81B52A61DFA97810042D744 /* Resources */ = {
			isa = PBXResourcesBuildPhase;
			buildActionMask = 2147483647;
			files = (
				F81B52B61DFA97810042D744 /* LaunchScreen.storyboard in Resources */,
				F81B52B31DFA97810042D744 /* Assets.xcassets in Resources */,
				F81B52B11DFA97810042D744 /* Main.storyboard in Resources */,
			);
			runOnlyForDeploymentPostprocessing = 0;
		};
/* End PBXResourcesBuildPhase section */

/* Begin PBXSourcesBuildPhase section */
		F81B52A41DFA97810042D744 /* Sources */ = {
			isa = PBXSourcesBuildPhase;
			buildActionMask = 2147483647;
			files = (
				F81B52AE1DFA97810042D744 /* ViewController.swift in Sources */,
				F81B52AC1DFA97810042D744 /* AppDelegate.swift in Sources */,
			);
			runOnlyForDeploymentPostprocessing = 0;
		};
/* End PBXSourcesBuildPhase section */

/* Begin PBXVariantGroup section */
		F81B52AF1DFA97810042D744 /* Main.storyboard */ = {
			isa = PBXVariantGroup;
			children = (
				F81B52B01DFA97810042D744 /* Base */,
			);
			name = Main.storyboard;
			sourceTree = "<group>";
		};
		F81B52B41DFA97810042D744 /* LaunchScreen.storyboard */ = {
			isa = PBXVariantGroup;
			children = (
				F81B52B51DFA97810042D744 /* Base */,
			);
			name = LaunchScreen.storyboard;
			sourceTree = "<group>";
		};
/* End PBXVariantGroup section */

/* Begin XCBuildConfiguration section */
		F81B52B81DFA97810042D744 /* Debug */ = {
			isa = XCBuildConfiguration;
			buildSettings = {
				ALWAYS_SEARCH_USER_PATHS = NO;
				CLANG_ANALYZER_NONNULL = YES;
				CLANG_CXX_LANGUAGE_STANDARD = "gnu++0x";
				CLANG_CXX_LIBRARY = "libc++";
				CLANG_ENABLE_MODULES = YES;
				CLANG_ENABLE_OBJC_ARC = YES;
				CLANG_WARN_BOOL_CONVERSION = YES;
				CLANG_WARN_CONSTANT_CONVERSION = YES;
				CLANG_WARN_DIRECT_OBJC_ISA_USAGE = YES_ERROR;
				CLANG_WARN_DOCUMENTATION_COMMENTS = YES;
				CLANG_WARN_EMPTY_BODY = YES;
				CLANG_WARN_ENUM_CONVERSION = YES;
				CLANG_WARN_INFINITE_RECURSION = YES;
				CLANG_WARN_INT_CONVERSION = YES;
				CLANG_WARN_OBJC_ROOT_CLASS = YES_ERROR;
				CLANG_WARN_SUSPICIOUS_MOVES = YES;
				CLANG_WARN_UNREACHABLE_CODE = YES;
				CLANG_WARN__DUPLICATE_METHOD_MATCH = YES;
				"CODE_SIGN_IDENTITY[sdk=iphoneos*]" = "iPhone Developer";
				COPY_PHASE_STRIP = NO;
				DEBUG_INFORMATION_FORMAT = dwarf;
				ENABLE_STRICT_OBJC_MSGSEND = YES;
				ENABLE_TESTABILITY = YES;
				GCC_C_LANGUAGE_STANDARD = gnu99;
				GCC_DYNAMIC_NO_PIC = NO;
				GCC_NO_COMMON_BLOCKS = YES;
				GCC_OPTIMIZATION_LEVEL = 0;
				GCC_PREPROCESSOR_DEFINITIONS = (
					"DEBUG=1",
					"$(inherited)",
				);
				GCC_WARN_64_TO_32_BIT_CONVERSION = YES;
				GCC_WARN_ABOUT_RETURN_TYPE = YES_ERROR;
				GCC_WARN_UNDECLARED_SELECTOR = YES;
				GCC_WARN_UNINITIALIZED_AUTOS = YES_AGGRESSIVE;
				GCC_WARN_UNUSED_FUNCTION = YES;
				GCC_WARN_UNUSED_VARIABLE = YES;
				IPHONEOS_DEPLOYMENT_TARGET = 10.1;
				MTL_ENABLE_DEBUG_INFO = YES;
				ONLY_ACTIVE_ARCH = YES;
				SDKROOT = iphoneos;
				SWIFT_ACTIVE_COMPILATION_CONDITIONS = DEBUG;
				SWIFT_OPTIMIZATION_LEVEL = "-Onone";
				TARGETED_DEVICE_FAMILY = "1,2";
			};
			name = Debug;
		};
		F81B52B91DFA97810042D744 /* Release */ = {
			isa = XCBuildConfiguration;
			buildSettings = {
				ALWAYS_SEARCH_USER_PATHS = NO;
				CLANG_ANALYZER_NONNULL = YES;
				CLANG_CXX_LANGUAGE_STANDARD = "gnu++0x";
				CLANG_CXX_LIBRARY = "libc++";
				CLANG_ENABLE_MODULES = YES;
				CLANG_ENABLE_OBJC_ARC = YES;
				CLANG_WARN_BOOL_CONVERSION = YES;
				CLANG_WARN_CONSTANT_CONVERSION = YES;
				CLANG_WARN_DIRECT_OBJC_ISA_USAGE = YES_ERROR;
				CLANG_WARN_DOCUMENTATION_COMMENTS = YES;
				CLANG_WARN_EMPTY_BODY = YES;
				CLANG_WARN_ENUM_CONVERSION = YES;
				CLANG_WARN_INFINITE_RECURSION = YES;
				CLANG_WARN_INT_CONVERSION = YES;
				CLANG_WARN_OBJC_ROOT_CLASS = YES_ERROR;
				CLANG_WARN_SUSPICIOUS_MOVES = YES;
				CLANG_WARN_UNREACHABLE_CODE = YES;
				CLANG_WARN__DUPLICATE_METHOD_MATCH = YES;
				"CODE_SIGN_IDENTITY[sdk=iphoneos*]" = "iPhone Developer";
				COPY_PHASE_STRIP = NO;
				DEBUG_INFORMATION_FORMAT = "dwarf-with-dsym";
				ENABLE_NS_ASSERTIONS = NO;
				ENABLE_STRICT_OBJC_MSGSEND = YES;
				GCC_C_LANGUAGE_STANDARD = gnu99;
				GCC_NO_COMMON_BLOCKS = YES;
				GCC_WARN_64_TO_32_BIT_CONVERSION = YES;
				GCC_WARN_ABOUT_RETURN_TYPE = YES_ERROR;
				GCC_WARN_UNDECLARED_SELECTOR = YES;
				GCC_WARN_UNINITIALIZED_AUTOS = YES_AGGRESSIVE;
				GCC_WARN_UNUSED_FUNCTION = YES;
				GCC_WARN_UNUSED_VARIABLE = YES;
				IPHONEOS_DEPLOYMENT_TARGET = 10.1;
				MTL_ENABLE_DEBUG_INFO = NO;
				SDKROOT = iphoneos;
				SWIFT_OPTIMIZATION_LEVEL = "-Owholemodule";
				TARGETED_DEVICE_FAMILY = "1,2";
				VALIDATE_PRODUCT = YES;
			};
			name = Release;
		};
		F81B52BB1DFA97810042D744 /* Debug */ = {
			isa = XCBuildConfiguration;
			buildSettings = {
				ASSETCATALOG_COMPILER_APPICON_NAME = AppIcon;
				INFOPLIST_FILE = AFSample/Info.plist;
				LD_RUNPATH_SEARCH_PATHS = "$(inherited) @executable_path/Frameworks";
				PRODUCT_BUNDLE_IDENTIFIER = com.amrethvicheyo.AFSample;
				PRODUCT_NAME = "$(TARGET_NAME)";
				SWIFT_VERSION = 3.0;
			};
			name = Debug;
		};
		F81B52BC1DFA97810042D744 /* Release */ = {
			isa = XCBuildConfiguration;
			buildSettings = {
				ASSETCATALOG_COMPILER_APPICON_NAME = AppIcon;
				INFOPLIST_FILE = AFSample/Info.plist;
				LD_RUNPATH_SEARCH_PATHS = "$(inherited) @executable_path/Frameworks";
				PRODUCT_BUNDLE_IDENTIFIER = com.amrethvicheyo.AFSample;
				PRODUCT_NAME = "$(TARGET_NAME)";
				SWIFT_VERSION = 3.0;
			};
			name = Release;
		};
/* End XCBuildConfiguration section */

/* Begin XCConfigurationList section */
		F81B52A31DFA97810042D744 /* Build configuration list for PBXProject "AFSample" */ = {
			isa = XCConfigurationList;
			buildConfigurations = (
				F81B52B81DFA97810042D744 /* Debug */,
				F81B52B91DFA97810042D744 /* Release */,
			);
			defaultConfigurationIsVisible = 0;
			defaultConfigurationName = Release;
		};
		F81B52BA1DFA97810042D744 /* Build configuration list for PBXNativeTarget "AFSample" */ = {
			isa = XCConfigurationList;
			buildConfigurations = (
				F81B52BB1DFA97810042D744 /* Debug */,
				F81B52BC1DFA97810042D744 /* Release */,
			);
			defaultConfigurationIsVisible = 0;
		};
/* End XCConfigurationList section */
	};
	rootObject = F81B52A01DFA97810042D744 /* Project object */;
}
